// !$*UTF8*$!
{
	archiveVersion = 1;
	classes = {
	};
	objectVersion = 55;
	objects = {

/* Begin PBXBuildFile section */
		91F59C05287AC41E00A07A32 /* UITextField.swift in Sources */ = {isa = PBXBuildFile; fileRef = 91F59C04287AC41E00A07A32 /* UITextField.swift */; };
		C46926C628509CD2003178CC /* User.swift in Sources */ = {isa = PBXBuildFile; fileRef = C46926C528509CD2003178CC /* User.swift */; };
		C46926C82850AE3F003178CC /* SignupViewController.swift in Sources */ = {isa = PBXBuildFile; fileRef = C46926C72850AE3F003178CC /* SignupViewController.swift */; };
		C46926CA2850C31A003178CC /* LoginViewController.swift in Sources */ = {isa = PBXBuildFile; fileRef = C46926C92850C31A003178CC /* LoginViewController.swift */; };
		C46926CD2852CB15003178CC /* FirebaseAnalytics in Frameworks */ = {isa = PBXBuildFile; productRef = C46926CC2852CB15003178CC /* FirebaseAnalytics */; };
		C46926CF2852CB15003178CC /* FirebaseAuth in Frameworks */ = {isa = PBXBuildFile; productRef = C46926CE2852CB15003178CC /* FirebaseAuth */; };
		C46926D12852CB15003178CC /* FirebaseFirestore in Frameworks */ = {isa = PBXBuildFile; productRef = C46926D02852CB15003178CC /* FirebaseFirestore */; };
		C46926D32852CB15003178CC /* FirebaseStorage in Frameworks */ = {isa = PBXBuildFile; productRef = C46926D22852CB15003178CC /* FirebaseStorage */; };
		C46926D5285374CE003178CC /* UserDetailsViewController.swift in Sources */ = {isa = PBXBuildFile; fileRef = C46926D4285374CE003178CC /* UserDetailsViewController.swift */; };
		C46926D7285374E2003178CC /* EditUserViewController.swift in Sources */ = {isa = PBXBuildFile; fileRef = C46926D6285374E2003178CC /* EditUserViewController.swift */; };
		C4BCA4072842548700D03234 /* AppDelegate.swift in Sources */ = {isa = PBXBuildFile; fileRef = C4BCA4062842548700D03234 /* AppDelegate.swift */; };
		C4BCA4092842548700D03234 /* SceneDelegate.swift in Sources */ = {isa = PBXBuildFile; fileRef = C4BCA4082842548700D03234 /* SceneDelegate.swift */; };
		C4BCA40B2842548700D03234 /* ViewController.swift in Sources */ = {isa = PBXBuildFile; fileRef = C4BCA40A2842548700D03234 /* ViewController.swift */; };
		C4BCA40E2842548700D03234 /* Main.storyboard in Resources */ = {isa = PBXBuildFile; fileRef = C4BCA40C2842548700D03234 /* Main.storyboard */; };
		C4BCA4112842548700D03234 /* iTravel_ios.xcdatamodeld in Sources */ = {isa = PBXBuildFile; fileRef = C4BCA40F2842548700D03234 /* iTravel_ios.xcdatamodeld */; };
		C4BCA4132842548900D03234 /* Assets.xcassets in Resources */ = {isa = PBXBuildFile; fileRef = C4BCA4122842548900D03234 /* Assets.xcassets */; };
		C4BCA4162842548900D03234 /* LaunchScreen.storyboard in Resources */ = {isa = PBXBuildFile; fileRef = C4BCA4142842548900D03234 /* LaunchScreen.storyboard */; };
		CE1C4212284CF7D300725D49 /* PostsTableViewController.swift in Sources */ = {isa = PBXBuildFile; fileRef = CE1C4211284CF7D300725D49 /* PostsTableViewController.swift */; };
		CE1C4214284CF84000725D49 /* PostTableViewCell.swift in Sources */ = {isa = PBXBuildFile; fileRef = CE1C4213284CF84000725D49 /* PostTableViewCell.swift */; };
		CE1C4217284CFA1D00725D49 /* Kingfisher in Frameworks */ = {isa = PBXBuildFile; productRef = CE1C4216284CFA1D00725D49 /* Kingfisher */; };
		CE1C4219284CFB8900725D49 /* Post.swift in Sources */ = {isa = PBXBuildFile; fileRef = CE1C4218284CFB8900725D49 /* Post.swift */; };
		CE1C421B284CFD5700725D49 /* GoogleService-Info.plist in Resources */ = {isa = PBXBuildFile; fileRef = CE1C421A284CFD5700725D49 /* GoogleService-Info.plist */; };
		CE1C421E284CFEF600725D49 /* FirebaseAnalytics in Frameworks */ = {isa = PBXBuildFile; productRef = CE1C421D284CFEF600725D49 /* FirebaseAnalytics */; };
		CE1C4220284CFEF600725D49 /* FirebaseAuth in Frameworks */ = {isa = PBXBuildFile; productRef = CE1C421F284CFEF600725D49 /* FirebaseAuth */; };
		CE1C4222284CFEF600725D49 /* FirebaseFirestore in Frameworks */ = {isa = PBXBuildFile; productRef = CE1C4221284CFEF600725D49 /* FirebaseFirestore */; };
		CE1C4224284CFEF600725D49 /* FirebaseStorage in Frameworks */ = {isa = PBXBuildFile; productRef = CE1C4223284CFEF600725D49 /* FirebaseStorage */; };
		CE1C4226284D00CD00725D49 /* Model.swift in Sources */ = {isa = PBXBuildFile; fileRef = CE1C4225284D00CD00725D49 /* Model.swift */; };
		CE1C4228284D012A00725D49 /* ModelFirebase.swift in Sources */ = {isa = PBXBuildFile; fileRef = CE1C4227284D012A00725D49 /* ModelFirebase.swift */; };
		CE1C42392851F2E700725D49 /* Post+CoreDataClass.swift in Sources */ = {isa = PBXBuildFile; fileRef = CE1C42372851F2E700725D49 /* Post+CoreDataClass.swift */; };
		CE1C423A2851F2E700725D49 /* Post+CoreDataProperties.swift in Sources */ = {isa = PBXBuildFile; fileRef = CE1C42382851F2E700725D49 /* Post+CoreDataProperties.swift */; };
		CEC97EE82851FE930025EAF9 /* AddPostViewController.swift in Sources */ = {isa = PBXBuildFile; fileRef = CEC97EE72851FE930025EAF9 /* AddPostViewController.swift */; };
		CEC97EEE285249AD0025EAF9 /* PostDetailsViewController.swift in Sources */ = {isa = PBXBuildFile; fileRef = CEC97EED285249AD0025EAF9 /* PostDetailsViewController.swift */; };
		CEC97EF0285265F60025EAF9 /* EditPostViewController.swift in Sources */ = {isa = PBXBuildFile; fileRef = CEC97EEF285265F60025EAF9 /* EditPostViewController.swift */; };
		CEC97EF72853DF450025EAF9 /* DropDown in Frameworks */ = {isa = PBXBuildFile; productRef = CEC97EF62853DF450025EAF9 /* DropDown */; };
		CEC97F11285632450025EAF9 /* NetworkService.swift in Sources */ = {isa = PBXBuildFile; fileRef = CEC97F10285632450025EAF9 /* NetworkService.swift */; };
		CEC97F132856328F0025EAF9 /* Additional functions.swift in Sources */ = {isa = PBXBuildFile; fileRef = CEC97F122856328F0025EAF9 /* Additional functions.swift */; };
		CEC97F15285632C70025EAF9 /* WeatherModel.swift in Sources */ = {isa = PBXBuildFile; fileRef = CEC97F14285632C70025EAF9 /* WeatherModel.swift */; };
		CEC97F19285634360025EAF9 /* StyleView.swift in Sources */ = {isa = PBXBuildFile; fileRef = CEC97F18285634360025EAF9 /* StyleView.swift */; };
		CEC97F1B285634FE0025EAF9 /* TodayView.swift in Sources */ = {isa = PBXBuildFile; fileRef = CEC97F1A285634FE0025EAF9 /* TodayView.swift */; };
		CEC97F1D285635AE0025EAF9 /* HourlyWeeklyView.swift in Sources */ = {isa = PBXBuildFile; fileRef = CEC97F1C285635AE0025EAF9 /* HourlyWeeklyView.swift */; };
		CEC97F1F285636C50025EAF9 /* WeatherViewController.swift in Sources */ = {isa = PBXBuildFile; fileRef = CEC97F1E285636C50025EAF9 /* WeatherViewController.swift */; };
/* End PBXBuildFile section */

/* Begin PBXFileReference section */
		91F59C04287AC41E00A07A32 /* UITextField.swift */ = {isa = PBXFileReference; lastKnownFileType = sourcecode.swift; path = UITextField.swift; sourceTree = "<group>"; };
		C46926C528509CD2003178CC /* User.swift */ = {isa = PBXFileReference; lastKnownFileType = sourcecode.swift; name = User.swift; path = "iTravel-ios/User.swift"; sourceTree = SOURCE_ROOT; };
		C46926C72850AE3F003178CC /* SignupViewController.swift */ = {isa = PBXFileReference; lastKnownFileType = sourcecode.swift; path = SignupViewController.swift; sourceTree = "<group>"; };
		C46926C92850C31A003178CC /* LoginViewController.swift */ = {isa = PBXFileReference; lastKnownFileType = sourcecode.swift; path = LoginViewController.swift; sourceTree = "<group>"; };
		C46926D4285374CE003178CC /* UserDetailsViewController.swift */ = {isa = PBXFileReference; lastKnownFileType = sourcecode.swift; path = UserDetailsViewController.swift; sourceTree = "<group>"; };
		C46926D6285374E2003178CC /* EditUserViewController.swift */ = {isa = PBXFileReference; lastKnownFileType = sourcecode.swift; path = EditUserViewController.swift; sourceTree = "<group>"; };
		C4BCA4032842548700D03234 /* iTravel-ios.app */ = {isa = PBXFileReference; explicitFileType = wrapper.application; includeInIndex = 0; path = "iTravel-ios.app"; sourceTree = BUILT_PRODUCTS_DIR; };
		C4BCA4062842548700D03234 /* AppDelegate.swift */ = {isa = PBXFileReference; lastKnownFileType = sourcecode.swift; path = AppDelegate.swift; sourceTree = "<group>"; };
		C4BCA4082842548700D03234 /* SceneDelegate.swift */ = {isa = PBXFileReference; lastKnownFileType = sourcecode.swift; path = SceneDelegate.swift; sourceTree = "<group>"; };
		C4BCA40A2842548700D03234 /* ViewController.swift */ = {isa = PBXFileReference; lastKnownFileType = sourcecode.swift; path = ViewController.swift; sourceTree = "<group>"; };
		C4BCA40D2842548700D03234 /* Base */ = {isa = PBXFileReference; lastKnownFileType = file.storyboard; name = Base; path = Base.lproj/Main.storyboard; sourceTree = "<group>"; };
		C4BCA4102842548700D03234 /* iTravel_ios.xcdatamodel */ = {isa = PBXFileReference; lastKnownFileType = wrapper.xcdatamodel; path = iTravel_ios.xcdatamodel; sourceTree = "<group>"; };
		C4BCA4122842548900D03234 /* Assets.xcassets */ = {isa = PBXFileReference; lastKnownFileType = folder.assetcatalog; path = Assets.xcassets; sourceTree = "<group>"; };
		C4BCA4152842548900D03234 /* Base */ = {isa = PBXFileReference; lastKnownFileType = file.storyboard; name = Base; path = Base.lproj/LaunchScreen.storyboard; sourceTree = "<group>"; };
		C4BCA4172842548900D03234 /* Info.plist */ = {isa = PBXFileReference; lastKnownFileType = text.plist.xml; path = Info.plist; sourceTree = "<group>"; };
		CE1C4211284CF7D300725D49 /* PostsTableViewController.swift */ = {isa = PBXFileReference; lastKnownFileType = sourcecode.swift; path = PostsTableViewController.swift; sourceTree = "<group>"; };
		CE1C4213284CF84000725D49 /* PostTableViewCell.swift */ = {isa = PBXFileReference; lastKnownFileType = sourcecode.swift; path = PostTableViewCell.swift; sourceTree = "<group>"; };
		CE1C4218284CFB8900725D49 /* Post.swift */ = {isa = PBXFileReference; lastKnownFileType = sourcecode.swift; name = Post.swift; path = "iTravel-ios/Post.swift"; sourceTree = SOURCE_ROOT; };
		CE1C421A284CFD5700725D49 /* GoogleService-Info.plist */ = {isa = PBXFileReference; fileEncoding = 4; lastKnownFileType = text.plist.xml; path = "GoogleService-Info.plist"; sourceTree = "<group>"; };
		CE1C4225284D00CD00725D49 /* Model.swift */ = {isa = PBXFileReference; lastKnownFileType = sourcecode.swift; name = Model.swift; path = "iTravel-ios/Model.swift"; sourceTree = SOURCE_ROOT; };
		CE1C4227284D012A00725D49 /* ModelFirebase.swift */ = {isa = PBXFileReference; lastKnownFileType = sourcecode.swift; name = ModelFirebase.swift; path = "iTravel-ios/ModelFirebase.swift"; sourceTree = SOURCE_ROOT; };
		CE1C42372851F2E700725D49 /* Post+CoreDataClass.swift */ = {isa = PBXFileReference; lastKnownFileType = sourcecode.swift; path = "Post+CoreDataClass.swift"; sourceTree = "<group>"; };
		CE1C42382851F2E700725D49 /* Post+CoreDataProperties.swift */ = {isa = PBXFileReference; lastKnownFileType = sourcecode.swift; path = "Post+CoreDataProperties.swift"; sourceTree = "<group>"; };
		CEC97EE72851FE930025EAF9 /* AddPostViewController.swift */ = {isa = PBXFileReference; lastKnownFileType = sourcecode.swift; path = AddPostViewController.swift; sourceTree = "<group>"; };
		CEC97EED285249AD0025EAF9 /* PostDetailsViewController.swift */ = {isa = PBXFileReference; lastKnownFileType = sourcecode.swift; path = PostDetailsViewController.swift; sourceTree = "<group>"; };
		CEC97EEF285265F60025EAF9 /* EditPostViewController.swift */ = {isa = PBXFileReference; lastKnownFileType = sourcecode.swift; path = EditPostViewController.swift; sourceTree = "<group>"; };
		CEC97F10285632450025EAF9 /* NetworkService.swift */ = {isa = PBXFileReference; lastKnownFileType = sourcecode.swift; path = NetworkService.swift; sourceTree = "<group>"; };
		CEC97F122856328F0025EAF9 /* Additional functions.swift */ = {isa = PBXFileReference; lastKnownFileType = sourcecode.swift; path = "Additional functions.swift"; sourceTree = "<group>"; };
		CEC97F14285632C70025EAF9 /* WeatherModel.swift */ = {isa = PBXFileReference; lastKnownFileType = sourcecode.swift; path = WeatherModel.swift; sourceTree = "<group>"; };
		CEC97F18285634360025EAF9 /* StyleView.swift */ = {isa = PBXFileReference; lastKnownFileType = sourcecode.swift; path = StyleView.swift; sourceTree = "<group>"; };
		CEC97F1A285634FE0025EAF9 /* TodayView.swift */ = {isa = PBXFileReference; lastKnownFileType = sourcecode.swift; path = TodayView.swift; sourceTree = "<group>"; };
		CEC97F1C285635AE0025EAF9 /* HourlyWeeklyView.swift */ = {isa = PBXFileReference; lastKnownFileType = sourcecode.swift; path = HourlyWeeklyView.swift; sourceTree = "<group>"; };
		CEC97F1E285636C50025EAF9 /* WeatherViewController.swift */ = {isa = PBXFileReference; lastKnownFileType = sourcecode.swift; path = WeatherViewController.swift; sourceTree = "<group>"; };
/* End PBXFileReference section */

/* Begin PBXFrameworksBuildPhase section */
		C4BCA4002842548700D03234 /* Frameworks */ = {
			isa = PBXFrameworksBuildPhase;
			buildActionMask = 2147483647;
			files = (
				CE1C421E284CFEF600725D49 /* FirebaseAnalytics in Frameworks */,
				CEC97EF72853DF450025EAF9 /* DropDown in Frameworks */,
				CE1C4222284CFEF600725D49 /* FirebaseFirestore in Frameworks */,
				C46926D32852CB15003178CC /* FirebaseStorage in Frameworks */,
				C46926CD2852CB15003178CC /* FirebaseAnalytics in Frameworks */,
				CE1C4220284CFEF600725D49 /* FirebaseAuth in Frameworks */,
				CE1C4224284CFEF600725D49 /* FirebaseStorage in Frameworks */,
				C46926D12852CB15003178CC /* FirebaseFirestore in Frameworks */,
				C46926CF2852CB15003178CC /* FirebaseAuth in Frameworks */,
				CE1C4217284CFA1D00725D49 /* Kingfisher in Frameworks */,
			);
			runOnlyForDeploymentPostprocessing = 0;
		};
/* End PBXFrameworksBuildPhase section */

/* Begin PBXGroup section */
		91F59C03287AC3EA00A07A32 /* Extensions */ = {
			isa = PBXGroup;
			children = (
				91F59C04287AC41E00A07A32 /* UITextField.swift */,
			);
			path = Extensions;
			sourceTree = "<group>";
		};
		C4BCA3FA2842548700D03234 = {
			isa = PBXGroup;
			children = (
				C4BCA4052842548700D03234 /* iTravel-ios */,
				C4BCA4042842548700D03234 /* Products */,
			);
			sourceTree = "<group>";
		};
		C4BCA4042842548700D03234 /* Products */ = {
			isa = PBXGroup;
			children = (
				C4BCA4032842548700D03234 /* iTravel-ios.app */,
			);
			name = Products;
			sourceTree = "<group>";
		};
		C4BCA4052842548700D03234 /* iTravel-ios */ = {
			isa = PBXGroup;
			children = (
				91F59C03287AC3EA00A07A32 /* Extensions */,
				CEC97F0E2856318C0025EAF9 /* Weather */,
				CE1C421A284CFD5700725D49 /* GoogleService-Info.plist */,
				C4BCA41D284603F700D03234 /* Model */,
				C4BCA4062842548700D03234 /* AppDelegate.swift */,
				C4BCA4082842548700D03234 /* SceneDelegate.swift */,
				C4BCA40A2842548700D03234 /* ViewController.swift */,
				CEC97EE72851FE930025EAF9 /* AddPostViewController.swift */,
				CE1C4211284CF7D300725D49 /* PostsTableViewController.swift */,
				CE1C4213284CF84000725D49 /* PostTableViewCell.swift */,
				CEC97EED285249AD0025EAF9 /* PostDetailsViewController.swift */,
				CEC97EEF285265F60025EAF9 /* EditPostViewController.swift */,
				C46926C72850AE3F003178CC /* SignupViewController.swift */,
				C46926C92850C31A003178CC /* LoginViewController.swift */,
				C46926D4285374CE003178CC /* UserDetailsViewController.swift */,
				C46926D6285374E2003178CC /* EditUserViewController.swift */,
				C4BCA40C2842548700D03234 /* Main.storyboard */,
				C4BCA4142842548900D03234 /* LaunchScreen.storyboard */,
				C4BCA4122842548900D03234 /* Assets.xcassets */,
				C4BCA4172842548900D03234 /* Info.plist */,
				C4BCA40F2842548700D03234 /* iTravel_ios.xcdatamodeld */,
			);
			path = "iTravel-ios";
			sourceTree = "<group>";
		};
		C4BCA41D284603F700D03234 /* Model */ = {
			isa = PBXGroup;
			children = (
				CE1C42372851F2E700725D49 /* Post+CoreDataClass.swift */,
				CE1C42382851F2E700725D49 /* Post+CoreDataProperties.swift */,
				CE1C4218284CFB8900725D49 /* Post.swift */,
				CE1C4225284D00CD00725D49 /* Model.swift */,
				CE1C4227284D012A00725D49 /* ModelFirebase.swift */,
				C46926C528509CD2003178CC /* User.swift */,
			);
			path = Model;
			sourceTree = "<group>";
		};
		CEC97F0E2856318C0025EAF9 /* Weather */ = {
			isa = PBXGroup;
			children = (
				CEC97F16285633010025EAF9 /* UpdateData */,
				CEC97F0F285632140025EAF9 /* Services */,
				CEC97F14285632C70025EAF9 /* WeatherModel.swift */,
				CEC97F1E285636C50025EAF9 /* WeatherViewController.swift */,
			);
			path = Weather;
			sourceTree = "<group>";
		};
		CEC97F0F285632140025EAF9 /* Services */ = {
			isa = PBXGroup;
			children = (
				CEC97F10285632450025EAF9 /* NetworkService.swift */,
				CEC97F122856328F0025EAF9 /* Additional functions.swift */,
			);
			path = Services;
			sourceTree = "<group>";
		};
		CEC97F16285633010025EAF9 /* UpdateData */ = {
			isa = PBXGroup;
			children = (
				CEC97F18285634360025EAF9 /* StyleView.swift */,
				CEC97F1A285634FE0025EAF9 /* TodayView.swift */,
				CEC97F1C285635AE0025EAF9 /* HourlyWeeklyView.swift */,
			);
			path = UpdateData;
			sourceTree = "<group>";
		};
/* End PBXGroup section */

/* Begin PBXNativeTarget section */
		C4BCA4022842548700D03234 /* iTravel-ios */ = {
			isa = PBXNativeTarget;
			buildConfigurationList = C4BCA41A2842548900D03234 /* Build configuration list for PBXNativeTarget "iTravel-ios" */;
			buildPhases = (
				C4BCA3FF2842548700D03234 /* Sources */,
				C4BCA4002842548700D03234 /* Frameworks */,
				C4BCA4012842548700D03234 /* Resources */,
			);
			buildRules = (
			);
			dependencies = (
			);
			name = "iTravel-ios";
			packageProductDependencies = (
				CE1C4216284CFA1D00725D49 /* Kingfisher */,
				CE1C421D284CFEF600725D49 /* FirebaseAnalytics */,
				CE1C421F284CFEF600725D49 /* FirebaseAuth */,
				CE1C4221284CFEF600725D49 /* FirebaseFirestore */,
				CE1C4223284CFEF600725D49 /* FirebaseStorage */,
				C46926CC2852CB15003178CC /* FirebaseAnalytics */,
				C46926CE2852CB15003178CC /* FirebaseAuth */,
				C46926D02852CB15003178CC /* FirebaseFirestore */,
				C46926D22852CB15003178CC /* FirebaseStorage */,
				CEC97EF62853DF450025EAF9 /* DropDown */,
			);
			productName = "iTravel-ios";
			productReference = C4BCA4032842548700D03234 /* iTravel-ios.app */;
			productType = "com.apple.product-type.application";
		};
/* End PBXNativeTarget section */

/* Begin PBXProject section */
		C4BCA3FB2842548700D03234 /* Project object */ = {
			isa = PBXProject;
			attributes = {
				BuildIndependentTargetsInParallel = 1;
				LastSwiftUpdateCheck = 1330;
				LastUpgradeCheck = 1330;
				TargetAttributes = {
					C4BCA4022842548700D03234 = {
						CreatedOnToolsVersion = 13.3;
					};
				};
			};
			buildConfigurationList = C4BCA3FE2842548700D03234 /* Build configuration list for PBXProject "iTravel-ios" */;
			compatibilityVersion = "Xcode 13.0";
			developmentRegion = en;
			hasScannedForEncodings = 0;
			knownRegions = (
				en,
				Base,
			);
			mainGroup = C4BCA3FA2842548700D03234;
			packageReferences = (
				CE1C4215284CFA1D00725D49 /* XCRemoteSwiftPackageReference "Kingfisher" */,
				CE1C421C284CFEF600725D49 /* XCRemoteSwiftPackageReference "firebase-ios-sdk" */,
				C46926CB2852CB14003178CC /* XCRemoteSwiftPackageReference "firebase-ios-sdk" */,
				CEC97EF52853DF450025EAF9 /* XCRemoteSwiftPackageReference "DropDown" */,
			);
			productRefGroup = C4BCA4042842548700D03234 /* Products */;
			projectDirPath = "";
			projectRoot = "";
			targets = (
				C4BCA4022842548700D03234 /* iTravel-ios */,
			);
		};
/* End PBXProject section */

/* Begin PBXResourcesBuildPhase section */
		C4BCA4012842548700D03234 /* Resources */ = {
			isa = PBXResourcesBuildPhase;
			buildActionMask = 2147483647;
			files = (
				C4BCA4162842548900D03234 /* LaunchScreen.storyboard in Resources */,
				CE1C421B284CFD5700725D49 /* GoogleService-Info.plist in Resources */,
				C4BCA4132842548900D03234 /* Assets.xcassets in Resources */,
				C4BCA40E2842548700D03234 /* Main.storyboard in Resources */,
			);
			runOnlyForDeploymentPostprocessing = 0;
		};
/* End PBXResourcesBuildPhase section */

/* Begin PBXSourcesBuildPhase section */
		C4BCA3FF2842548700D03234 /* Sources */ = {
			isa = PBXSourcesBuildPhase;
			buildActionMask = 2147483647;
			files = (
				C46926D7285374E2003178CC /* EditUserViewController.swift in Sources */,
				CEC97F19285634360025EAF9 /* StyleView.swift in Sources */,
				91F59C05287AC41E00A07A32 /* UITextField.swift in Sources */,
				C46926CA2850C31A003178CC /* LoginViewController.swift in Sources */,
				CEC97F132856328F0025EAF9 /* Additional functions.swift in Sources */,
				C4BCA40B2842548700D03234 /* ViewController.swift in Sources */,
				C4BCA4112842548700D03234 /* iTravel_ios.xcdatamodeld in Sources */,
				C46926C82850AE3F003178CC /* SignupViewController.swift in Sources */,
				CEC97F1D285635AE0025EAF9 /* HourlyWeeklyView.swift in Sources */,
				C4BCA4072842548700D03234 /* AppDelegate.swift in Sources */,
				CEC97EEE285249AD0025EAF9 /* PostDetailsViewController.swift in Sources */,
				C4BCA4092842548700D03234 /* SceneDelegate.swift in Sources */,
				CEC97EE82851FE930025EAF9 /* AddPostViewController.swift in Sources */,
				CEC97F15285632C70025EAF9 /* WeatherModel.swift in Sources */,
				C46926D5285374CE003178CC /* UserDetailsViewController.swift in Sources */,
				CEC97F11285632450025EAF9 /* NetworkService.swift in Sources */,
				CE1C4212284CF7D300725D49 /* PostsTableViewController.swift in Sources */,
				CE1C4219284CFB8900725D49 /* Post.swift in Sources */,
				CEC97F1F285636C50025EAF9 /* WeatherViewController.swift in Sources */,
				CE1C4214284CF84000725D49 /* PostTableViewCell.swift in Sources */,
				CE1C423A2851F2E700725D49 /* Post+CoreDataProperties.swift in Sources */,
				CE1C42392851F2E700725D49 /* Post+CoreDataClass.swift in Sources */,
				CE1C4228284D012A00725D49 /* ModelFirebase.swift in Sources */,
				C46926C628509CD2003178CC /* User.swift in Sources */,
				CE1C4226284D00CD00725D49 /* Model.swift in Sources */,
				CEC97F1B285634FE0025EAF9 /* TodayView.swift in Sources */,
				CEC97EF0285265F60025EAF9 /* EditPostViewController.swift in Sources */,
			);
			runOnlyForDeploymentPostprocessing = 0;
		};
/* End PBXSourcesBuildPhase section */

/* Begin PBXVariantGroup section */
		C4BCA40C2842548700D03234 /* Main.storyboard */ = {
			isa = PBXVariantGroup;
			children = (
				C4BCA40D2842548700D03234 /* Base */,
			);
			name = Main.storyboard;
			sourceTree = "<group>";
		};
		C4BCA4142842548900D03234 /* LaunchScreen.storyboard */ = {
			isa = PBXVariantGroup;
			children = (
				C4BCA4152842548900D03234 /* Base */,
			);
			name = LaunchScreen.storyboard;
			sourceTree = "<group>";
		};
/* End PBXVariantGroup section */

/* Begin XCBuildConfiguration section */
		C4BCA4182842548900D03234 /* Debug */ = {
			isa = XCBuildConfiguration;
			buildSettings = {
				ALWAYS_SEARCH_USER_PATHS = NO;
				CLANG_ANALYZER_NONNULL = YES;
				CLANG_ANALYZER_NUMBER_OBJECT_CONVERSION = YES_AGGRESSIVE;
				CLANG_CXX_LANGUAGE_STANDARD = "gnu++17";
				CLANG_ENABLE_MODULES = YES;
				CLANG_ENABLE_OBJC_ARC = YES;
				CLANG_ENABLE_OBJC_WEAK = YES;
				CLANG_WARN_BLOCK_CAPTURE_AUTORELEASING = YES;
				CLANG_WARN_BOOL_CONVERSION = YES;
				CLANG_WARN_COMMA = YES;
				CLANG_WARN_CONSTANT_CONVERSION = YES;
				CLANG_WARN_DEPRECATED_OBJC_IMPLEMENTATIONS = YES;
				CLANG_WARN_DIRECT_OBJC_ISA_USAGE = YES_ERROR;
				CLANG_WARN_DOCUMENTATION_COMMENTS = YES;
				CLANG_WARN_EMPTY_BODY = YES;
				CLANG_WARN_ENUM_CONVERSION = YES;
				CLANG_WARN_INFINITE_RECURSION = YES;
				CLANG_WARN_INT_CONVERSION = YES;
				CLANG_WARN_NON_LITERAL_NULL_CONVERSION = YES;
				CLANG_WARN_OBJC_IMPLICIT_RETAIN_SELF = YES;
				CLANG_WARN_OBJC_LITERAL_CONVERSION = YES;
				CLANG_WARN_OBJC_ROOT_CLASS = YES_ERROR;
				CLANG_WARN_QUOTED_INCLUDE_IN_FRAMEWORK_HEADER = YES;
				CLANG_WARN_RANGE_LOOP_ANALYSIS = YES;
				CLANG_WARN_STRICT_PROTOTYPES = YES;
				CLANG_WARN_SUSPICIOUS_MOVE = YES;
				CLANG_WARN_UNGUARDED_AVAILABILITY = YES_AGGRESSIVE;
				CLANG_WARN_UNREACHABLE_CODE = YES;
				CLANG_WARN__DUPLICATE_METHOD_MATCH = YES;
				COPY_PHASE_STRIP = NO;
				DEBUG_INFORMATION_FORMAT = dwarf;
				ENABLE_STRICT_OBJC_MSGSEND = YES;
				ENABLE_TESTABILITY = YES;
				GCC_C_LANGUAGE_STANDARD = gnu11;
				GCC_DYNAMIC_NO_PIC = NO;
				GCC_NO_COMMON_BLOCKS = YES;
				GCC_OPTIMIZATION_LEVEL = 0;
				GCC_PREPROCESSOR_DEFINITIONS = (
					"DEBUG=1",
					"$(inherited)",
				);
				GCC_WARN_64_TO_32_BIT_CONVERSION = YES;
				GCC_WARN_ABOUT_RETURN_TYPE = YES_ERROR;
				GCC_WARN_UNDECLARED_SELECTOR = YES;
				GCC_WARN_UNINITIALIZED_AUTOS = YES_AGGRESSIVE;
				GCC_WARN_UNUSED_FUNCTION = YES;
				GCC_WARN_UNUSED_VARIABLE = YES;
				IPHONEOS_DEPLOYMENT_TARGET = 15.4;
				MTL_ENABLE_DEBUG_INFO = INCLUDE_SOURCE;
				MTL_FAST_MATH = YES;
				ONLY_ACTIVE_ARCH = YES;
				SDKROOT = iphoneos;
				SWIFT_ACTIVE_COMPILATION_CONDITIONS = DEBUG;
				SWIFT_OPTIMIZATION_LEVEL = "-Onone";
			};
			name = Debug;
		};
		C4BCA4192842548900D03234 /* Release */ = {
			isa = XCBuildConfiguration;
			buildSettings = {
				ALWAYS_SEARCH_USER_PATHS = NO;
				CLANG_ANALYZER_NONNULL = YES;
				CLANG_ANALYZER_NUMBER_OBJECT_CONVERSION = YES_AGGRESSIVE;
				CLANG_CXX_LANGUAGE_STANDARD = "gnu++17";
				CLANG_ENABLE_MODULES = YES;
				CLANG_ENABLE_OBJC_ARC = YES;
				CLANG_ENABLE_OBJC_WEAK = YES;
				CLANG_WARN_BLOCK_CAPTURE_AUTORELEASING = YES;
				CLANG_WARN_BOOL_CONVERSION = YES;
				CLANG_WARN_COMMA = YES;
				CLANG_WARN_CONSTANT_CONVERSION = YES;
				CLANG_WARN_DEPRECATED_OBJC_IMPLEMENTATIONS = YES;
				CLANG_WARN_DIRECT_OBJC_ISA_USAGE = YES_ERROR;
				CLANG_WARN_DOCUMENTATION_COMMENTS = YES;
				CLANG_WARN_EMPTY_BODY = YES;
				CLANG_WARN_ENUM_CONVERSION = YES;
				CLANG_WARN_INFINITE_RECURSION = YES;
				CLANG_WARN_INT_CONVERSION = YES;
				CLANG_WARN_NON_LITERAL_NULL_CONVERSION = YES;
				CLANG_WARN_OBJC_IMPLICIT_RETAIN_SELF = YES;
				CLANG_WARN_OBJC_LITERAL_CONVERSION = YES;
				CLANG_WARN_OBJC_ROOT_CLASS = YES_ERROR;
				CLANG_WARN_QUOTED_INCLUDE_IN_FRAMEWORK_HEADER = YES;
				CLANG_WARN_RANGE_LOOP_ANALYSIS = YES;
				CLANG_WARN_STRICT_PROTOTYPES = YES;
				CLANG_WARN_SUSPICIOUS_MOVE = YES;
				CLANG_WARN_UNGUARDED_AVAILABILITY = YES_AGGRESSIVE;
				CLANG_WARN_UNREACHABLE_CODE = YES;
				CLANG_WARN__DUPLICATE_METHOD_MATCH = YES;
				COPY_PHASE_STRIP = NO;
				DEBUG_INFORMATION_FORMAT = "dwarf-with-dsym";
				ENABLE_NS_ASSERTIONS = NO;
				ENABLE_STRICT_OBJC_MSGSEND = YES;
				GCC_C_LANGUAGE_STANDARD = gnu11;
				GCC_NO_COMMON_BLOCKS = YES;
				GCC_WARN_64_TO_32_BIT_CONVERSION = YES;
				GCC_WARN_ABOUT_RETURN_TYPE = YES_ERROR;
				GCC_WARN_UNDECLARED_SELECTOR = YES;
				GCC_WARN_UNINITIALIZED_AUTOS = YES_AGGRESSIVE;
				GCC_WARN_UNUSED_FUNCTION = YES;
				GCC_WARN_UNUSED_VARIABLE = YES;
				IPHONEOS_DEPLOYMENT_TARGET = 15.4;
				MTL_ENABLE_DEBUG_INFO = NO;
				MTL_FAST_MATH = YES;
				SDKROOT = iphoneos;
				SWIFT_COMPILATION_MODE = wholemodule;
				SWIFT_OPTIMIZATION_LEVEL = "-O";
				VALIDATE_PRODUCT = YES;
			};
			name = Release;
		};
		C4BCA41B2842548900D03234 /* Debug */ = {
			isa = XCBuildConfiguration;
			buildSettings = {
				ASSETCATALOG_COMPILER_APPICON_NAME = AppIcon;
				ASSETCATALOG_COMPILER_GLOBAL_ACCENT_COLOR_NAME = AccentColor;
				CODE_SIGN_STYLE = Automatic;
				CURRENT_PROJECT_VERSION = 1;
				DEVELOPMENT_TEAM = J7HRRFTW8Y;
				GENERATE_INFOPLIST_FILE = YES;
				INFOPLIST_FILE = "iTravel-ios/Info.plist";
				INFOPLIST_KEY_UIApplicationSupportsIndirectInputEvents = YES;
				INFOPLIST_KEY_UILaunchStoryboardName = LaunchScreen;
				INFOPLIST_KEY_UIMainStoryboardFile = Main;
				INFOPLIST_KEY_UISupportedInterfaceOrientations_iPad = "UIInterfaceOrientationPortrait UIInterfaceOrientationPortraitUpsideDown UIInterfaceOrientationLandscapeLeft UIInterfaceOrientationLandscapeRight";
				INFOPLIST_KEY_UISupportedInterfaceOrientations_iPhone = "UIInterfaceOrientationPortrait UIInterfaceOrientationLandscapeLeft UIInterfaceOrientationLandscapeRight";
				LD_RUNPATH_SEARCH_PATHS = (
					"$(inherited)",
					"@executable_path/Frameworks",
				);
				MARKETING_VERSION = 1.0;
				PRODUCT_BUNDLE_IDENTIFIER = com.iTravel.ios;
				PRODUCT_NAME = "$(TARGET_NAME)";
				SWIFT_EMIT_LOC_STRINGS = YES;
				SWIFT_VERSION = 5.0;
				TARGETED_DEVICE_FAMILY = "1,2";
			};
			name = Debug;
		};
		C4BCA41C2842548900D03234 /* Release */ = {
			isa = XCBuildConfiguration;
			buildSettings = {
				ASSETCATALOG_COMPILER_APPICON_NAME = AppIcon;
				ASSETCATALOG_COMPILER_GLOBAL_ACCENT_COLOR_NAME = AccentColor;
				CODE_SIGN_STYLE = Automatic;
				CURRENT_PROJECT_VERSION = 1;
				DEVELOPMENT_TEAM = J7HRRFTW8Y;
				GENERATE_INFOPLIST_FILE = YES;
				INFOPLIST_FILE = "iTravel-ios/Info.plist";
				INFOPLIST_KEY_UIApplicationSupportsIndirectInputEvents = YES;
				INFOPLIST_KEY_UILaunchStoryboardName = LaunchScreen;
				INFOPLIST_KEY_UIMainStoryboardFile = Main;
				INFOPLIST_KEY_UISupportedInterfaceOrientations_iPad = "UIInterfaceOrientationPortrait UIInterfaceOrientationPortraitUpsideDown UIInterfaceOrientationLandscapeLeft UIInterfaceOrientationLandscapeRight";
				INFOPLIST_KEY_UISupportedInterfaceOrientations_iPhone = "UIInterfaceOrientationPortrait UIInterfaceOrientationLandscapeLeft UIInterfaceOrientationLandscapeRight";
				LD_RUNPATH_SEARCH_PATHS = (
					"$(inherited)",
					"@executable_path/Frameworks",
				);
				MARKETING_VERSION = 1.0;
				PRODUCT_BUNDLE_IDENTIFIER = com.iTravel.ios;
				PRODUCT_NAME = "$(TARGET_NAME)";
				SWIFT_EMIT_LOC_STRINGS = YES;
				SWIFT_VERSION = 5.0;
				TARGETED_DEVICE_FAMILY = "1,2";
			};
			name = Release;
		};
/* End XCBuildConfiguration section */

/* Begin XCConfigurationList section */
		C4BCA3FE2842548700D03234 /* Build configuration list for PBXProject "iTravel-ios" */ = {
			isa = XCConfigurationList;
			buildConfigurations = (
				C4BCA4182842548900D03234 /* Debug */,
				C4BCA4192842548900D03234 /* Release */,
			);
			defaultConfigurationIsVisible = 0;
			defaultConfigurationName = Release;
		};
		C4BCA41A2842548900D03234 /* Build configuration list for PBXNativeTarget "iTravel-ios" */ = {
			isa = XCConfigurationList;
			buildConfigurations = (
				C4BCA41B2842548900D03234 /* Debug */,
				C4BCA41C2842548900D03234 /* Release */,
			);
			defaultConfigurationIsVisible = 0;
			defaultConfigurationName = Release;
		};
/* End XCConfigurationList section */

/* Begin XCRemoteSwiftPackageReference section */
		C46926CB2852CB14003178CC /* XCRemoteSwiftPackageReference "firebase-ios-sdk" */ = {
			isa = XCRemoteSwiftPackageReference;
			repositoryURL = "https://github.com/firebase/firebase-ios-sdk";
			requirement = {
				branch = master;
				kind = branch;
			};
		};
		CE1C4215284CFA1D00725D49 /* XCRemoteSwiftPackageReference "Kingfisher" */ = {
			isa = XCRemoteSwiftPackageReference;
			repositoryURL = "https://github.com/onevcat/Kingfisher.git";
			requirement = {
				branch = master;
				kind = branch;
			};
		};
		CE1C421C284CFEF600725D49 /* XCRemoteSwiftPackageReference "firebase-ios-sdk" */ = {
			isa = XCRemoteSwiftPackageReference;
			repositoryURL = "https://github.com/firebase/firebase-ios-sdk";
			requirement = {
				branch = master;
				kind = branch;
			};
		};
		CEC97EF52853DF450025EAF9 /* XCRemoteSwiftPackageReference "DropDown" */ = {
			isa = XCRemoteSwiftPackageReference;
			repositoryURL = "https://github.com/AssistoLab/DropDown.git";
			requirement = {
				branch = master;
				kind = branch;
			};
		};
/* End XCRemoteSwiftPackageReference section */

/* Begin XCSwiftPackageProductDependency section */
		C46926CC2852CB15003178CC /* FirebaseAnalytics */ = {
			isa = XCSwiftPackageProductDependency;
			package = CE1C421C284CFEF600725D49 /* XCRemoteSwiftPackageReference "firebase-ios-sdk" */;
			productName = FirebaseAnalytics;
		};
		C46926CE2852CB15003178CC /* FirebaseAuth */ = {
			isa = XCSwiftPackageProductDependency;
			package = CE1C421C284CFEF600725D49 /* XCRemoteSwiftPackageReference "firebase-ios-sdk" */;
			productName = FirebaseAuth;
		};
		C46926D02852CB15003178CC /* FirebaseFirestore */ = {
			isa = XCSwiftPackageProductDependency;
			package = CE1C421C284CFEF600725D49 /* XCRemoteSwiftPackageReference "firebase-ios-sdk" */;
			productName = FirebaseFirestore;
		};
		C46926D22852CB15003178CC /* FirebaseStorage */ = {
			isa = XCSwiftPackageProductDependency;
			package = CE1C421C284CFEF600725D49 /* XCRemoteSwiftPackageReference "firebase-ios-sdk" */;
			productName = FirebaseStorage;
		};
		CE1C4216284CFA1D00725D49 /* Kingfisher */ = {
			isa = XCSwiftPackageProductDependency;
			package = CE1C4215284CFA1D00725D49 /* XCRemoteSwiftPackageReference "Kingfisher" */;
			productName = Kingfisher;
		};
		CE1C421D284CFEF600725D49 /* FirebaseAnalytics */ = {
			isa = XCSwiftPackageProductDependency;
			package = CE1C421C284CFEF600725D49 /* XCRemoteSwiftPackageReference "firebase-ios-sdk" */;
			productName = FirebaseAnalytics;
		};
		CE1C421F284CFEF600725D49 /* FirebaseAuth */ = {
			isa = XCSwiftPackageProductDependency;
			package = CE1C421C284CFEF600725D49 /* XCRemoteSwiftPackageReference "firebase-ios-sdk" */;
			productName = FirebaseAuth;
		};
		CE1C4221284CFEF600725D49 /* FirebaseFirestore */ = {
			isa = XCSwiftPackageProductDependency;
			package = CE1C421C284CFEF600725D49 /* XCRemoteSwiftPackageReference "firebase-ios-sdk" */;
			productName = FirebaseFirestore;
		};
		CE1C4223284CFEF600725D49 /* FirebaseStorage */ = {
			isa = XCSwiftPackageProductDependency;
			package = CE1C421C284CFEF600725D49 /* XCRemoteSwiftPackageReference "firebase-ios-sdk" */;
			productName = FirebaseStorage;
		};
		CEC97EF62853DF450025EAF9 /* DropDown */ = {
			isa = XCSwiftPackageProductDependency;
			package = CEC97EF52853DF450025EAF9 /* XCRemoteSwiftPackageReference "DropDown" */;
			productName = DropDown;
		};
/* End XCSwiftPackageProductDependency section */

/* Begin XCVersionGroup section */
		C4BCA40F2842548700D03234 /* iTravel_ios.xcdatamodeld */ = {
			isa = XCVersionGroup;
			children = (
				C4BCA4102842548700D03234 /* iTravel_ios.xcdatamodel */,
			);
			currentVersion = C4BCA4102842548700D03234 /* iTravel_ios.xcdatamodel */;
			path = iTravel_ios.xcdatamodeld;
			sourceTree = "<group>";
			versionGroupType = wrapper.xcdatamodel;
		};
/* End XCVersionGroup section */
	};
	rootObject = C4BCA3FB2842548700D03234 /* Project object */;
}
